
Microsoft Visual Studio Solution File, Format Version 12.00
# Visual Studio Version 16
VisualStudioVersion = 16.0.28729.10
MinimumVisualStudioVersion = 10.0.40219.1
Project("{FAE04EC0-301F-11D3-BF4B-00C04F79EFBC}") = "EnumParseVsToString", "EnumParseVsToString\EnumParseVsToString.csproj", "{F911CCD5-8673-4BDA-AE12-7E9E64D43B96}"
EndProject
Global
	GlobalSection(SolutionConfigurationPlatforms) = preSolution
		Debug|Any CPU = Debug|Any CPU
		Release|Any CPU = Release|Any CPU
	EndGlobalSection
	GlobalSection(ProjectConfigurationPlatforms) = postSolution
		{F911CCD5-8673-4BDA-AE12-7E9E64D43B96}.Debug|Any CPU.ActiveCfg = Debug|Any CPU
		{F911CCD5-8673-4BDA-AE12-7E9E64D43B96}.Debug|Any CPU.Build.0 = Debug|Any CPU
		{F911CCD5-8673-4BDA-AE12-7E9E64D43B96}.Release|Any CPU.ActiveCfg = Release|Any CPU
		{F911CCD5-8673-4BDA-AE12-7E9E64D43B96}.Release|Any CPU.Build.0 = Release|Any CPU
	EndGlobalSection
	GlobalSection(SolutionProperties) = preSolution
		HideSolutionNode = FALSE
	EndGlobalSection
	GlobalSection(ExtensibilityGlobals) = postSolution
		SolutionGuid = {BD52A617-4DFC-402C-9FDC-825A07B7E58C}
	EndGlobalSection
EndGlobal
